
Microsoft Visual Studio Solution File, Format Version 12.00
# Visual Studio Version 16
VisualStudioVersion = 16.0.30011.22
MinimumVisualStudioVersion = 10.0.40219.1
Project("{FAE04EC0-301F-11D3-BF4B-00C04F79EFBC}") = "SecurePasswordOpg", "SecurePasswordOpg\SecurePasswordOpg.csproj", "{73DF886E-F6AB-4C1B-BD03-86887C4B8B3E}"
EndProject
Global
	GlobalSection(SolutionConfigurationPlatforms) = preSolution
		Debug|Any CPU = Debug|Any CPU
		Release|Any CPU = Release|Any CPU
	EndGlobalSection
	GlobalSection(ProjectConfigurationPlatforms) = postSolution
		{73DF886E-F6AB-4C1B-BD03-86887C4B8B3E}.Debug|Any CPU.ActiveCfg = Debug|Any CPU
		{73DF886E-F6AB-4C1B-BD03-86887C4B8B3E}.Debug|Any CPU.Build.0 = Debug|Any CPU
		{73DF886E-F6AB-4C1B-BD03-86887C4B8B3E}.Release|Any CPU.ActiveCfg = Release|Any CPU
		{73DF886E-F6AB-4C1B-BD03-86887C4B8B3E}.Release|Any CPU.Build.0 = Release|Any CPU
	EndGlobalSection
	GlobalSection(SolutionProperties) = preSolution
		HideSolutionNode = FALSE
	EndGlobalSection
	GlobalSection(ExtensibilityGlobals) = postSolution
		SolutionGuid = {4BC1931B-DE83-4C70-9FAF-E58529FFB5AD}
	EndGlobalSection
EndGlobal
